
Microsoft Visual Studio Solution File, Format Version 12.00
# Visual Studio 14
VisualStudioVersion = 14.0.25420.1
MinimumVisualStudioVersion = 10.0.40219.1
Project("{FAE04EC0-301F-11D3-BF4B-00C04F79EFBC}") = "WaterMyPlants.Core", "WaterMyPlants.Core\WaterMyPlants.Core.csproj", "{4A7FC22F-04D6-4144-A96C-8B6FE3CBFFF1}"
EndProject
Project("{FAE04EC0-301F-11D3-BF4B-00C04F79EFBC}") = "WaterMyPlants.Droid", "WaterMyPlants.Droid\WaterMyPlants.Droid.csproj", "{4C3C2059-75A3-4EFD-A9AD-88AEC2629990}"
EndProject
Project("{FAE04EC0-301F-11D3-BF4B-00C04F79EFBC}") = "WaterMyPlants.iOS", "WaterMyPlants.iOS\WaterMyPlants.iOS.csproj", "{753AD086-6EB3-42FB-82D5-FBFDC65794AA}"
EndProject
Project("{FAE04EC0-301F-11D3-BF4B-00C04F79EFBC}") = "WaterMyPlants.WindowsPhoneApp", "WaterMyPlants.WindowsPhoneApp\WaterMyPlants.WindowsPhoneApp.csproj", "{C6C804B6-1C45-48B4-9E9D-44891CC314C9}"
EndProject
Project("{FAE04EC0-301F-11D3-BF4B-00C04F79EFBC}") = "WaterMyPlants.WindowsUWP", "WaterMyPlants.WindowsUWP\WaterMyPlants.WindowsUWP.csproj", "{4CBA6156-B496-43BB-BCF9-5D852D602A5D}"
EndProject
Global
	GlobalSection(SolutionConfigurationPlatforms) = preSolution
		Ad-Hoc|Any CPU = Ad-Hoc|Any CPU
		Ad-Hoc|ARM = Ad-Hoc|ARM
		Ad-Hoc|iPhone = Ad-Hoc|iPhone
		Ad-Hoc|iPhoneSimulator = Ad-Hoc|iPhoneSimulator
		Ad-Hoc|x64 = Ad-Hoc|x64
		Ad-Hoc|x86 = Ad-Hoc|x86
		AppStore|Any CPU = AppStore|Any CPU
		AppStore|ARM = AppStore|ARM
		AppStore|iPhone = AppStore|iPhone
		AppStore|iPhoneSimulator = AppStore|iPhoneSimulator
		AppStore|x64 = AppStore|x64
		AppStore|x86 = AppStore|x86
		Debug|Any CPU = Debug|Any CPU
		Debug|ARM = Debug|ARM
		Debug|iPhone = Debug|iPhone
		Debug|iPhoneSimulator = Debug|iPhoneSimulator
		Debug|x64 = Debug|x64
		Debug|x86 = Debug|x86
		Release|Any CPU = Release|Any CPU
		Release|ARM = Release|ARM
		Release|iPhone = Release|iPhone
		Release|iPhoneSimulator = Release|iPhoneSimulator
		Release|x64 = Release|x64
		Release|x86 = Release|x86
	EndGlobalSection
	GlobalSection(ProjectConfigurationPlatforms) = postSolution
		{4A7FC22F-04D6-4144-A96C-8B6FE3CBFFF1}.Ad-Hoc|Any CPU.ActiveCfg = Release|Any CPU
		{4A7FC22F-04D6-4144-A96C-8B6FE3CBFFF1}.Ad-Hoc|Any CPU.Build.0 = Release|Any CPU
		{4A7FC22F-04D6-4144-A96C-8B6FE3CBFFF1}.Ad-Hoc|ARM.ActiveCfg = Release|Any CPU
		{4A7FC22F-04D6-4144-A96C-8B6FE3CBFFF1}.Ad-Hoc|ARM.Build.0 = Release|Any CPU
		{4A7FC22F-04D6-4144-A96C-8B6FE3CBFFF1}.Ad-Hoc|iPhone.ActiveCfg = Release|Any CPU
		{4A7FC22F-04D6-4144-A96C-8B6FE3CBFFF1}.Ad-Hoc|iPhone.Build.0 = Release|Any CPU
		{4A7FC22F-04D6-4144-A96C-8B6FE3CBFFF1}.Ad-Hoc|iPhoneSimulator.ActiveCfg = Release|Any CPU
		{4A7FC22F-04D6-4144-A96C-8B6FE3CBFFF1}.Ad-Hoc|iPhoneSimulator.Build.0 = Release|Any CPU
		{4A7FC22F-04D6-4144-A96C-8B6FE3CBFFF1}.Ad-Hoc|x64.ActiveCfg = Release|Any CPU
		{4A7FC22F-04D6-4144-A96C-8B6FE3CBFFF1}.Ad-Hoc|x64.Build.0 = Release|Any CPU
		{4A7FC22F-04D6-4144-A96C-8B6FE3CBFFF1}.Ad-Hoc|x86.ActiveCfg = Release|Any CPU
		{4A7FC22F-04D6-4144-A96C-8B6FE3CBFFF1}.Ad-Hoc|x86.Build.0 = Release|Any CPU
		{4A7FC22F-04D6-4144-A96C-8B6FE3CBFFF1}.AppStore|Any CPU.ActiveCfg = Release|Any CPU
		{4A7FC22F-04D6-4144-A96C-8B6FE3CBFFF1}.AppStore|Any CPU.Build.0 = Release|Any CPU
		{4A7FC22F-04D6-4144-A96C-8B6FE3CBFFF1}.AppStore|ARM.ActiveCfg = Release|Any CPU
		{4A7FC22F-04D6-4144-A96C-8B6FE3CBFFF1}.AppStore|ARM.Build.0 = Release|Any CPU
		{4A7FC22F-04D6-4144-A96C-8B6FE3CBFFF1}.AppStore|iPhone.ActiveCfg = Release|Any CPU
		{4A7FC22F-04D6-4144-A96C-8B6FE3CBFFF1}.AppStore|iPhone.Build.0 = Release|Any CPU
		{4A7FC22F-04D6-4144-A96C-8B6FE3CBFFF1}.AppStore|iPhoneSimulator.ActiveCfg = Release|Any CPU
		{4A7FC22F-04D6-4144-A96C-8B6FE3CBFFF1}.AppStore|iPhoneSimulator.Build.0 = Release|Any CPU
		{4A7FC22F-04D6-4144-A96C-8B6FE3CBFFF1}.AppStore|x64.ActiveCfg = Release|Any CPU
		{4A7FC22F-04D6-4144-A96C-8B6FE3CBFFF1}.AppStore|x64.Build.0 = Release|Any CPU
		{4A7FC22F-04D6-4144-A96C-8B6FE3CBFFF1}.AppStore|x86.ActiveCfg = Release|Any CPU
		{4A7FC22F-04D6-4144-A96C-8B6FE3CBFFF1}.AppStore|x86.Build.0 = Release|Any CPU
		{4A7FC22F-04D6-4144-A96C-8B6FE3CBFFF1}.Debug|Any CPU.ActiveCfg = Debug|Any CPU
		{4A7FC22F-04D6-4144-A96C-8B6FE3CBFFF1}.Debug|Any CPU.Build.0 = Debug|Any CPU
		{4A7FC22F-04D6-4144-A96C-8B6FE3CBFFF1}.Debug|ARM.ActiveCfg = Debug|Any CPU
		{4A7FC22F-04D6-4144-A96C-8B6FE3CBFFF1}.Debug|ARM.Build.0 = Debug|Any CPU
		{4A7FC22F-04D6-4144-A96C-8B6FE3CBFFF1}.Debug|iPhone.ActiveCfg = Debug|Any CPU
		{4A7FC22F-04D6-4144-A96C-8B6FE3CBFFF1}.Debug|iPhone.Build.0 = Debug|Any CPU
		{4A7FC22F-04D6-4144-A96C-8B6FE3CBFFF1}.Debug|iPhoneSimulator.ActiveCfg = Debug|Any CPU
		{4A7FC22F-04D6-4144-A96C-8B6FE3CBFFF1}.Debug|iPhoneSimulator.Build.0 = Debug|Any CPU
		{4A7FC22F-04D6-4144-A96C-8B6FE3CBFFF1}.Debug|x64.ActiveCfg = Debug|Any CPU
		{4A7FC22F-04D6-4144-A96C-8B6FE3CBFFF1}.Debug|x64.Build.0 = Debug|Any CPU
		{4A7FC22F-04D6-4144-A96C-8B6FE3CBFFF1}.Debug|x86.ActiveCfg = Debug|Any CPU
		{4A7FC22F-04D6-4144-A96C-8B6FE3CBFFF1}.Debug|x86.Build.0 = Debug|Any CPU
		{4A7FC22F-04D6-4144-A96C-8B6FE3CBFFF1}.Release|Any CPU.ActiveCfg = Release|Any CPU
		{4A7FC22F-04D6-4144-A96C-8B6FE3CBFFF1}.Release|Any CPU.Build.0 = Release|Any CPU
		{4A7FC22F-04D6-4144-A96C-8B6FE3CBFFF1}.Release|ARM.ActiveCfg = Release|Any CPU
		{4A7FC22F-04D6-4144-A96C-8B6FE3CBFFF1}.Release|ARM.Build.0 = Release|Any CPU
		{4A7FC22F-04D6-4144-A96C-8B6FE3CBFFF1}.Release|iPhone.ActiveCfg = Release|Any CPU
		{4A7FC22F-04D6-4144-A96C-8B6FE3CBFFF1}.Release|iPhone.Build.0 = Release|Any CPU
		{4A7FC22F-04D6-4144-A96C-8B6FE3CBFFF1}.Release|iPhoneSimulator.ActiveCfg = Release|Any CPU
		{4A7FC22F-04D6-4144-A96C-8B6FE3CBFFF1}.Release|iPhoneSimulator.Build.0 = Release|Any CPU
		{4A7FC22F-04D6-4144-A96C-8B6FE3CBFFF1}.Release|x64.ActiveCfg = Release|Any CPU
		{4A7FC22F-04D6-4144-A96C-8B6FE3CBFFF1}.Release|x64.Build.0 = Release|Any CPU
		{4A7FC22F-04D6-4144-A96C-8B6FE3CBFFF1}.Release|x86.ActiveCfg = Release|Any CPU
		{4A7FC22F-04D6-4144-A96C-8B6FE3CBFFF1}.Release|x86.Build.0 = Release|Any CPU
		{4C3C2059-75A3-4EFD-A9AD-88AEC2629990}.Ad-Hoc|Any CPU.ActiveCfg = Release|Any CPU
		{4C3C2059-75A3-4EFD-A9AD-88AEC2629990}.Ad-Hoc|Any CPU.Build.0 = Release|Any CPU
		{4C3C2059-75A3-4EFD-A9AD-88AEC2629990}.Ad-Hoc|Any CPU.Deploy.0 = Release|Any CPU
		{4C3C2059-75A3-4EFD-A9AD-88AEC2629990}.Ad-Hoc|ARM.ActiveCfg = Release|Any CPU
		{4C3C2059-75A3-4EFD-A9AD-88AEC2629990}.Ad-Hoc|ARM.Build.0 = Release|Any CPU
		{4C3C2059-75A3-4EFD-A9AD-88AEC2629990}.Ad-Hoc|ARM.Deploy.0 = Release|Any CPU
		{4C3C2059-75A3-4EFD-A9AD-88AEC2629990}.Ad-Hoc|iPhone.ActiveCfg = Release|Any CPU
		{4C3C2059-75A3-4EFD-A9AD-88AEC2629990}.Ad-Hoc|iPhone.Build.0 = Release|Any CPU
		{4C3C2059-75A3-4EFD-A9AD-88AEC2629990}.Ad-Hoc|iPhone.Deploy.0 = Release|Any CPU
		{4C3C2059-75A3-4EFD-A9AD-88AEC2629990}.Ad-Hoc|iPhoneSimulator.ActiveCfg = Release|Any CPU
		{4C3C2059-75A3-4EFD-A9AD-88AEC2629990}.Ad-Hoc|iPhoneSimulator.Build.0 = Release|Any CPU
		{4C3C2059-75A3-4EFD-A9AD-88AEC2629990}.Ad-Hoc|iPhoneSimulator.Deploy.0 = Release|Any CPU
		{4C3C2059-75A3-4EFD-A9AD-88AEC2629990}.Ad-Hoc|x64.ActiveCfg = Release|Any CPU
		{4C3C2059-75A3-4EFD-A9AD-88AEC2629990}.Ad-Hoc|x64.Build.0 = Release|Any CPU
		{4C3C2059-75A3-4EFD-A9AD-88AEC2629990}.Ad-Hoc|x64.Deploy.0 = Release|Any CPU
		{4C3C2059-75A3-4EFD-A9AD-88AEC2629990}.Ad-Hoc|x86.ActiveCfg = Release|Any CPU
		{4C3C2059-75A3-4EFD-A9AD-88AEC2629990}.Ad-Hoc|x86.Build.0 = Release|Any CPU
		{4C3C2059-75A3-4EFD-A9AD-88AEC2629990}.Ad-Hoc|x86.Deploy.0 = Release|Any CPU
		{4C3C2059-75A3-4EFD-A9AD-88AEC2629990}.AppStore|Any CPU.ActiveCfg = Release|Any CPU
		{4C3C2059-75A3-4EFD-A9AD-88AEC2629990}.AppStore|Any CPU.Build.0 = Release|Any CPU
		{4C3C2059-75A3-4EFD-A9AD-88AEC2629990}.AppStore|Any CPU.Deploy.0 = Release|Any CPU
		{4C3C2059-75A3-4EFD-A9AD-88AEC2629990}.AppStore|ARM.ActiveCfg = Release|Any CPU
		{4C3C2059-75A3-4EFD-A9AD-88AEC2629990}.AppStore|ARM.Build.0 = Release|Any CPU
		{4C3C2059-75A3-4EFD-A9AD-88AEC2629990}.AppStore|ARM.Deploy.0 = Release|Any CPU
		{4C3C2059-75A3-4EFD-A9AD-88AEC2629990}.AppStore|iPhone.ActiveCfg = Release|Any CPU
		{4C3C2059-75A3-4EFD-A9AD-88AEC2629990}.AppStore|iPhone.Build.0 = Release|Any CPU
		{4C3C2059-75A3-4EFD-A9AD-88AEC2629990}.AppStore|iPhone.Deploy.0 = Release|Any CPU
		{4C3C2059-75A3-4EFD-A9AD-88AEC2629990}.AppStore|iPhoneSimulator.ActiveCfg = Release|Any CPU
		{4C3C2059-75A3-4EFD-A9AD-88AEC2629990}.AppStore|iPhoneSimulator.Build.0 = Release|Any CPU
		{4C3C2059-75A3-4EFD-A9AD-88AEC2629990}.AppStore|iPhoneSimulator.Deploy.0 = Release|Any CPU
		{4C3C2059-75A3-4EFD-A9AD-88AEC2629990}.AppStore|x64.ActiveCfg = Release|Any CPU
		{4C3C2059-75A3-4EFD-A9AD-88AEC2629990}.AppStore|x64.Build.0 = Release|Any CPU
		{4C3C2059-75A3-4EFD-A9AD-88AEC2629990}.AppStore|x64.Deploy.0 = Release|Any CPU
		{4C3C2059-75A3-4EFD-A9AD-88AEC2629990}.AppStore|x86.ActiveCfg = Release|Any CPU
		{4C3C2059-75A3-4EFD-A9AD-88AEC2629990}.AppStore|x86.Build.0 = Release|Any CPU
		{4C3C2059-75A3-4EFD-A9AD-88AEC2629990}.AppStore|x86.Deploy.0 = Release|Any CPU
		{4C3C2059-75A3-4EFD-A9AD-88AEC2629990}.Debug|Any CPU.ActiveCfg = Debug|Any CPU
		{4C3C2059-75A3-4EFD-A9AD-88AEC2629990}.Debug|Any CPU.Build.0 = Debug|Any CPU
		{4C3C2059-75A3-4EFD-A9AD-88AEC2629990}.Debug|Any CPU.Deploy.0 = Debug|Any CPU
		{4C3C2059-75A3-4EFD-A9AD-88AEC2629990}.Debug|ARM.ActiveCfg = Debug|Any CPU
		{4C3C2059-75A3-4EFD-A9AD-88AEC2629990}.Debug|ARM.Build.0 = Debug|Any CPU
		{4C3C2059-75A3-4EFD-A9AD-88AEC2629990}.Debug|ARM.Deploy.0 = Debug|Any CPU
		{4C3C2059-75A3-4EFD-A9AD-88AEC2629990}.Debug|iPhone.ActiveCfg = Debug|Any CPU
		{4C3C2059-75A3-4EFD-A9AD-88AEC2629990}.Debug|iPhone.Build.0 = Debug|Any CPU
		{4C3C2059-75A3-4EFD-A9AD-88AEC2629990}.Debug|iPhone.Deploy.0 = Debug|Any CPU
		{4C3C2059-75A3-4EFD-A9AD-88AEC2629990}.Debug|iPhoneSimulator.ActiveCfg = Debug|Any CPU
		{4C3C2059-75A3-4EFD-A9AD-88AEC2629990}.Debug|iPhoneSimulator.Build.0 = Debug|Any CPU
		{4C3C2059-75A3-4EFD-A9AD-88AEC2629990}.Debug|iPhoneSimulator.Deploy.0 = Debug|Any CPU
		{4C3C2059-75A3-4EFD-A9AD-88AEC2629990}.Debug|x64.ActiveCfg = Debug|Any CPU
		{4C3C2059-75A3-4EFD-A9AD-88AEC2629990}.Debug|x64.Build.0 = Debug|Any CPU
		{4C3C2059-75A3-4EFD-A9AD-88AEC2629990}.Debug|x64.Deploy.0 = Debug|Any CPU
		{4C3C2059-75A3-4EFD-A9AD-88AEC2629990}.Debug|x86.ActiveCfg = Debug|Any CPU
		{4C3C2059-75A3-4EFD-A9AD-88AEC2629990}.Debug|x86.Build.0 = Debug|Any CPU
		{4C3C2059-75A3-4EFD-A9AD-88AEC2629990}.Debug|x86.Deploy.0 = Debug|Any CPU
		{4C3C2059-75A3-4EFD-A9AD-88AEC2629990}.Release|Any CPU.ActiveCfg = Release|Any CPU
		{4C3C2059-75A3-4EFD-A9AD-88AEC2629990}.Release|Any CPU.Build.0 = Release|Any CPU
		{4C3C2059-75A3-4EFD-A9AD-88AEC2629990}.Release|Any CPU.Deploy.0 = Release|Any CPU
		{4C3C2059-75A3-4EFD-A9AD-88AEC2629990}.Release|ARM.ActiveCfg = Release|Any CPU
		{4C3C2059-75A3-4EFD-A9AD-88AEC2629990}.Release|ARM.Build.0 = Release|Any CPU
		{4C3C2059-75A3-4EFD-A9AD-88AEC2629990}.Release|ARM.Deploy.0 = Release|Any CPU
		{4C3C2059-75A3-4EFD-A9AD-88AEC2629990}.Release|iPhone.ActiveCfg = Release|Any CPU
		{4C3C2059-75A3-4EFD-A9AD-88AEC2629990}.Release|iPhone.Build.0 = Release|Any CPU
		{4C3C2059-75A3-4EFD-A9AD-88AEC2629990}.Release|iPhone.Deploy.0 = Release|Any CPU
		{4C3C2059-75A3-4EFD-A9AD-88AEC2629990}.Release|iPhoneSimulator.ActiveCfg = Release|Any CPU
		{4C3C2059-75A3-4EFD-A9AD-88AEC2629990}.Release|iPhoneSimulator.Build.0 = Release|Any CPU
		{4C3C2059-75A3-4EFD-A9AD-88AEC2629990}.Release|iPhoneSimulator.Deploy.0 = Release|Any CPU
		{4C3C2059-75A3-4EFD-A9AD-88AEC2629990}.Release|x64.ActiveCfg = Release|Any CPU
		{4C3C2059-75A3-4EFD-A9AD-88AEC2629990}.Release|x64.Build.0 = Release|Any CPU
		{4C3C2059-75A3-4EFD-A9AD-88AEC2629990}.Release|x64.Deploy.0 = Release|Any CPU
		{4C3C2059-75A3-4EFD-A9AD-88AEC2629990}.Release|x86.ActiveCfg = Release|Any CPU
		{4C3C2059-75A3-4EFD-A9AD-88AEC2629990}.Release|x86.Build.0 = Release|Any CPU
		{4C3C2059-75A3-4EFD-A9AD-88AEC2629990}.Release|x86.Deploy.0 = Release|Any CPU
		{753AD086-6EB3-42FB-82D5-FBFDC65794AA}.Ad-Hoc|Any CPU.ActiveCfg = Ad-Hoc|iPhone
		{753AD086-6EB3-42FB-82D5-FBFDC65794AA}.Ad-Hoc|ARM.ActiveCfg = Ad-Hoc|iPhone
		{753AD086-6EB3-42FB-82D5-FBFDC65794AA}.Ad-Hoc|iPhone.ActiveCfg = Ad-Hoc|iPhone
		{753AD086-6EB3-42FB-82D5-FBFDC65794AA}.Ad-Hoc|iPhone.Build.0 = Ad-Hoc|iPhone
		{753AD086-6EB3-42FB-82D5-FBFDC65794AA}.Ad-Hoc|iPhoneSimulator.ActiveCfg = Ad-Hoc|iPhoneSimulator
		{753AD086-6EB3-42FB-82D5-FBFDC65794AA}.Ad-Hoc|iPhoneSimulator.Build.0 = Ad-Hoc|iPhoneSimulator
		{753AD086-6EB3-42FB-82D5-FBFDC65794AA}.Ad-Hoc|x64.ActiveCfg = Ad-Hoc|iPhone
		{753AD086-6EB3-42FB-82D5-FBFDC65794AA}.Ad-Hoc|x86.ActiveCfg = Ad-Hoc|iPhone
		{753AD086-6EB3-42FB-82D5-FBFDC65794AA}.AppStore|Any CPU.ActiveCfg = AppStore|iPhone
		{753AD086-6EB3-42FB-82D5-FBFDC65794AA}.AppStore|ARM.ActiveCfg = AppStore|iPhone
		{753AD086-6EB3-42FB-82D5-FBFDC65794AA}.AppStore|iPhone.ActiveCfg = AppStore|iPhone
		{753AD086-6EB3-42FB-82D5-FBFDC65794AA}.AppStore|iPhone.Build.0 = AppStore|iPhone
		{753AD086-6EB3-42FB-82D5-FBFDC65794AA}.AppStore|iPhoneSimulator.ActiveCfg = AppStore|iPhoneSimulator
		{753AD086-6EB3-42FB-82D5-FBFDC65794AA}.AppStore|iPhoneSimulator.Build.0 = AppStore|iPhoneSimulator
		{753AD086-6EB3-42FB-82D5-FBFDC65794AA}.AppStore|x64.ActiveCfg = AppStore|iPhone
		{753AD086-6EB3-42FB-82D5-FBFDC65794AA}.AppStore|x86.ActiveCfg = AppStore|iPhone
		{753AD086-6EB3-42FB-82D5-FBFDC65794AA}.Debug|Any CPU.ActiveCfg = Debug|iPhone
		{753AD086-6EB3-42FB-82D5-FBFDC65794AA}.Debug|Any CPU.Build.0 = Debug|iPhone
		{753AD086-6EB3-42FB-82D5-FBFDC65794AA}.Debug|ARM.ActiveCfg = Debug|iPhone
		{753AD086-6EB3-42FB-82D5-FBFDC65794AA}.Debug|iPhone.ActiveCfg = Debug|iPhone
		{753AD086-6EB3-42FB-82D5-FBFDC65794AA}.Debug|iPhone.Build.0 = Debug|iPhone
		{753AD086-6EB3-42FB-82D5-FBFDC65794AA}.Debug|iPhoneSimulator.ActiveCfg = Debug|iPhoneSimulator
		{753AD086-6EB3-42FB-82D5-FBFDC65794AA}.Debug|iPhoneSimulator.Build.0 = Debug|iPhoneSimulator
		{753AD086-6EB3-42FB-82D5-FBFDC65794AA}.Debug|x64.ActiveCfg = Debug|iPhone
		{753AD086-6EB3-42FB-82D5-FBFDC65794AA}.Debug|x86.ActiveCfg = Debug|iPhone
		{753AD086-6EB3-42FB-82D5-FBFDC65794AA}.Release|Any CPU.ActiveCfg = Release|iPhone
		{753AD086-6EB3-42FB-82D5-FBFDC65794AA}.Release|ARM.ActiveCfg = Release|iPhone
		{753AD086-6EB3-42FB-82D5-FBFDC65794AA}.Release|iPhone.ActiveCfg = Release|iPhone
		{753AD086-6EB3-42FB-82D5-FBFDC65794AA}.Release|iPhone.Build.0 = Release|iPhone
		{753AD086-6EB3-42FB-82D5-FBFDC65794AA}.Release|iPhoneSimulator.ActiveCfg = Release|iPhoneSimulator
		{753AD086-6EB3-42FB-82D5-FBFDC65794AA}.Release|iPhoneSimulator.Build.0 = Release|iPhoneSimulator
		{753AD086-6EB3-42FB-82D5-FBFDC65794AA}.Release|x64.ActiveCfg = Release|iPhone
		{753AD086-6EB3-42FB-82D5-FBFDC65794AA}.Release|x86.ActiveCfg = Release|iPhone
		{C6C804B6-1C45-48B4-9E9D-44891CC314C9}.Ad-Hoc|Any CPU.ActiveCfg = Release|Any CPU
		{C6C804B6-1C45-48B4-9E9D-44891CC314C9}.Ad-Hoc|Any CPU.Build.0 = Release|Any CPU
		{C6C804B6-1C45-48B4-9E9D-44891CC314C9}.Ad-Hoc|Any CPU.Deploy.0 = Release|Any CPU
		{C6C804B6-1C45-48B4-9E9D-44891CC314C9}.Ad-Hoc|ARM.ActiveCfg = Release|ARM
		{C6C804B6-1C45-48B4-9E9D-44891CC314C9}.Ad-Hoc|ARM.Build.0 = Release|ARM
		{C6C804B6-1C45-48B4-9E9D-44891CC314C9}.Ad-Hoc|ARM.Deploy.0 = Release|ARM
		{C6C804B6-1C45-48B4-9E9D-44891CC314C9}.Ad-Hoc|iPhone.ActiveCfg = Release|Any CPU
		{C6C804B6-1C45-48B4-9E9D-44891CC314C9}.Ad-Hoc|iPhone.Build.0 = Release|Any CPU
		{C6C804B6-1C45-48B4-9E9D-44891CC314C9}.Ad-Hoc|iPhone.Deploy.0 = Release|Any CPU
		{C6C804B6-1C45-48B4-9E9D-44891CC314C9}.Ad-Hoc|iPhoneSimulator.ActiveCfg = Release|Any CPU
		{C6C804B6-1C45-48B4-9E9D-44891CC314C9}.Ad-Hoc|iPhoneSimulator.Build.0 = Release|Any CPU
		{C6C804B6-1C45-48B4-9E9D-44891CC314C9}.Ad-Hoc|iPhoneSimulator.Deploy.0 = Release|Any CPU
		{C6C804B6-1C45-48B4-9E9D-44891CC314C9}.Ad-Hoc|x64.ActiveCfg = Release|Any CPU
		{C6C804B6-1C45-48B4-9E9D-44891CC314C9}.Ad-Hoc|x64.Build.0 = Release|Any CPU
		{C6C804B6-1C45-48B4-9E9D-44891CC314C9}.Ad-Hoc|x64.Deploy.0 = Release|Any CPU
		{C6C804B6-1C45-48B4-9E9D-44891CC314C9}.Ad-Hoc|x86.ActiveCfg = Release|x86
		{C6C804B6-1C45-48B4-9E9D-44891CC314C9}.Ad-Hoc|x86.Build.0 = Release|x86
		{C6C804B6-1C45-48B4-9E9D-44891CC314C9}.Ad-Hoc|x86.Deploy.0 = Release|x86
		{C6C804B6-1C45-48B4-9E9D-44891CC314C9}.AppStore|Any CPU.ActiveCfg = Release|Any CPU
		{C6C804B6-1C45-48B4-9E9D-44891CC314C9}.AppStore|Any CPU.Build.0 = Release|Any CPU
		{C6C804B6-1C45-48B4-9E9D-44891CC314C9}.AppStore|Any CPU.Deploy.0 = Release|Any CPU
		{C6C804B6-1C45-48B4-9E9D-44891CC314C9}.AppStore|ARM.ActiveCfg = Release|ARM
		{C6C804B6-1C45-48B4-9E9D-44891CC314C9}.AppStore|ARM.Build.0 = Release|ARM
		{C6C804B6-1C45-48B4-9E9D-44891CC314C9}.AppStore|ARM.Deploy.0 = Release|ARM
		{C6C804B6-1C45-48B4-9E9D-44891CC314C9}.AppStore|iPhone.ActiveCfg = Release|Any CPU
		{C6C804B6-1C45-48B4-9E9D-44891CC314C9}.AppStore|iPhone.Build.0 = Release|Any CPU
		{C6C804B6-1C45-48B4-9E9D-44891CC314C9}.AppStore|iPhone.Deploy.0 = Release|Any CPU
		{C6C804B6-1C45-48B4-9E9D-44891CC314C9}.AppStore|iPhoneSimulator.ActiveCfg = Release|Any CPU
		{C6C804B6-1C45-48B4-9E9D-44891CC314C9}.AppStore|iPhoneSimulator.Build.0 = Release|Any CPU
		{C6C804B6-1C45-48B4-9E9D-44891CC314C9}.AppStore|iPhoneSimulator.Deploy.0 = Release|Any CPU
		{C6C804B6-1C45-48B4-9E9D-44891CC314C9}.AppStore|x64.ActiveCfg = Release|Any CPU
		{C6C804B6-1C45-48B4-9E9D-44891CC314C9}.AppStore|x64.Build.0 = Release|Any CPU
		{C6C804B6-1C45-48B4-9E9D-44891CC314C9}.AppStore|x64.Deploy.0 = Release|Any CPU
		{C6C804B6-1C45-48B4-9E9D-44891CC314C9}.AppStore|x86.ActiveCfg = Release|x86
		{C6C804B6-1C45-48B4-9E9D-44891CC314C9}.AppStore|x86.Build.0 = Release|x86
		{C6C804B6-1C45-48B4-9E9D-44891CC314C9}.AppStore|x86.Deploy.0 = Release|x86
		{C6C804B6-1C45-48B4-9E9D-44891CC314C9}.Debug|Any CPU.ActiveCfg = Debug|Any CPU
		{C6C804B6-1C45-48B4-9E9D-44891CC314C9}.Debug|Any CPU.Build.0 = Debug|Any CPU
		{C6C804B6-1C45-48B4-9E9D-44891CC314C9}.Debug|Any CPU.Deploy.0 = Debug|Any CPU
		{C6C804B6-1C45-48B4-9E9D-44891CC314C9}.Debug|ARM.ActiveCfg = Debug|ARM
		{C6C804B6-1C45-48B4-9E9D-44891CC314C9}.Debug|ARM.Build.0 = Debug|ARM
		{C6C804B6-1C45-48B4-9E9D-44891CC314C9}.Debug|ARM.Deploy.0 = Debug|ARM
		{C6C804B6-1C45-48B4-9E9D-44891CC314C9}.Debug|iPhone.ActiveCfg = Debug|Any CPU
		{C6C804B6-1C45-48B4-9E9D-44891CC314C9}.Debug|iPhone.Build.0 = Debug|Any CPU
		{C6C804B6-1C45-48B4-9E9D-44891CC314C9}.Debug|iPhone.Deploy.0 = Debug|Any CPU
		{C6C804B6-1C45-48B4-9E9D-44891CC314C9}.Debug|iPhoneSimulator.ActiveCfg = Debug|Any CPU
		{C6C804B6-1C45-48B4-9E9D-44891CC314C9}.Debug|iPhoneSimulator.Build.0 = Debug|Any CPU
		{C6C804B6-1C45-48B4-9E9D-44891CC314C9}.Debug|iPhoneSimulator.Deploy.0 = Debug|Any CPU
		{C6C804B6-1C45-48B4-9E9D-44891CC314C9}.Debug|x64.ActiveCfg = Debug|Any CPU
		{C6C804B6-1C45-48B4-9E9D-44891CC314C9}.Debug|x64.Build.0 = Debug|Any CPU
		{C6C804B6-1C45-48B4-9E9D-44891CC314C9}.Debug|x64.Deploy.0 = Debug|Any CPU
		{C6C804B6-1C45-48B4-9E9D-44891CC314C9}.Debug|x86.ActiveCfg = Debug|x86
		{C6C804B6-1C45-48B4-9E9D-44891CC314C9}.Debug|x86.Build.0 = Debug|x86
		{C6C804B6-1C45-48B4-9E9D-44891CC314C9}.Debug|x86.Deploy.0 = Debug|x86
		{C6C804B6-1C45-48B4-9E9D-44891CC314C9}.Release|Any CPU.ActiveCfg = Release|Any CPU
		{C6C804B6-1C45-48B4-9E9D-44891CC314C9}.Release|Any CPU.Build.0 = Release|Any CPU
		{C6C804B6-1C45-48B4-9E9D-44891CC314C9}.Release|Any CPU.Deploy.0 = Release|Any CPU
		{C6C804B6-1C45-48B4-9E9D-44891CC314C9}.Release|ARM.ActiveCfg = Release|ARM
		{C6C804B6-1C45-48B4-9E9D-44891CC314C9}.Release|ARM.Build.0 = Release|ARM
		{C6C804B6-1C45-48B4-9E9D-44891CC314C9}.Release|ARM.Deploy.0 = Release|ARM
		{C6C804B6-1C45-48B4-9E9D-44891CC314C9}.Release|iPhone.ActiveCfg = Release|Any CPU
		{C6C804B6-1C45-48B4-9E9D-44891CC314C9}.Release|iPhone.Build.0 = Release|Any CPU
		{C6C804B6-1C45-48B4-9E9D-44891CC314C9}.Release|iPhone.Deploy.0 = Release|Any CPU
		{C6C804B6-1C45-48B4-9E9D-44891CC314C9}.Release|iPhoneSimulator.ActiveCfg = Release|Any CPU
		{C6C804B6-1C45-48B4-9E9D-44891CC314C9}.Release|iPhoneSimulator.Build.0 = Release|Any CPU
		{C6C804B6-1C45-48B4-9E9D-44891CC314C9}.Release|iPhoneSimulator.Deploy.0 = Release|Any CPU
		{C6C804B6-1C45-48B4-9E9D-44891CC314C9}.Release|x64.ActiveCfg = Release|Any CPU
		{C6C804B6-1C45-48B4-9E9D-44891CC314C9}.Release|x64.Build.0 = Release|Any CPU
		{C6C804B6-1C45-48B4-9E9D-44891CC314C9}.Release|x64.Deploy.0 = Release|Any CPU
		{C6C804B6-1C45-48B4-9E9D-44891CC314C9}.Release|x86.ActiveCfg = Release|x86
		{C6C804B6-1C45-48B4-9E9D-44891CC314C9}.Release|x86.Build.0 = Release|x86
		{C6C804B6-1C45-48B4-9E9D-44891CC314C9}.Release|x86.Deploy.0 = Release|x86
		{4CBA6156-B496-43BB-BCF9-5D852D602A5D}.Ad-Hoc|Any CPU.ActiveCfg = Release|x64
		{4CBA6156-B496-43BB-BCF9-5D852D602A5D}.Ad-Hoc|Any CPU.Build.0 = Release|x64
		{4CBA6156-B496-43BB-BCF9-5D852D602A5D}.Ad-Hoc|Any CPU.Deploy.0 = Release|x64
		{4CBA6156-B496-43BB-BCF9-5D852D602A5D}.Ad-Hoc|ARM.ActiveCfg = Release|ARM
		{4CBA6156-B496-43BB-BCF9-5D852D602A5D}.Ad-Hoc|ARM.Build.0 = Release|ARM
		{4CBA6156-B496-43BB-BCF9-5D852D602A5D}.Ad-Hoc|ARM.Deploy.0 = Release|ARM
		{4CBA6156-B496-43BB-BCF9-5D852D602A5D}.Ad-Hoc|iPhone.ActiveCfg = Release|x64
		{4CBA6156-B496-43BB-BCF9-5D852D602A5D}.Ad-Hoc|iPhone.Build.0 = Release|x64
		{4CBA6156-B496-43BB-BCF9-5D852D602A5D}.Ad-Hoc|iPhone.Deploy.0 = Release|x64
		{4CBA6156-B496-43BB-BCF9-5D852D602A5D}.Ad-Hoc|iPhoneSimulator.ActiveCfg = Release|x64
		{4CBA6156-B496-43BB-BCF9-5D852D602A5D}.Ad-Hoc|iPhoneSimulator.Build.0 = Release|x64
		{4CBA6156-B496-43BB-BCF9-5D852D602A5D}.Ad-Hoc|iPhoneSimulator.Deploy.0 = Release|x64
		{4CBA6156-B496-43BB-BCF9-5D852D602A5D}.Ad-Hoc|x64.ActiveCfg = Release|x64
		{4CBA6156-B496-43BB-BCF9-5D852D602A5D}.Ad-Hoc|x64.Build.0 = Release|x64
		{4CBA6156-B496-43BB-BCF9-5D852D602A5D}.Ad-Hoc|x64.Deploy.0 = Release|x64
		{4CBA6156-B496-43BB-BCF9-5D852D602A5D}.Ad-Hoc|x86.ActiveCfg = Release|x86
		{4CBA6156-B496-43BB-BCF9-5D852D602A5D}.Ad-Hoc|x86.Build.0 = Release|x86
		{4CBA6156-B496-43BB-BCF9-5D852D602A5D}.Ad-Hoc|x86.Deploy.0 = Release|x86
		{4CBA6156-B496-43BB-BCF9-5D852D602A5D}.AppStore|Any CPU.ActiveCfg = Release|x64
		{4CBA6156-B496-43BB-BCF9-5D852D602A5D}.AppStore|Any CPU.Build.0 = Release|x64
		{4CBA6156-B496-43BB-BCF9-5D852D602A5D}.AppStore|Any CPU.Deploy.0 = Release|x64
		{4CBA6156-B496-43BB-BCF9-5D852D602A5D}.AppStore|ARM.ActiveCfg = Release|ARM
		{4CBA6156-B496-43BB-BCF9-5D852D602A5D}.AppStore|ARM.Build.0 = Release|ARM
		{4CBA6156-B496-43BB-BCF9-5D852D602A5D}.AppStore|ARM.Deploy.0 = Release|ARM
		{4CBA6156-B496-43BB-BCF9-5D852D602A5D}.AppStore|iPhone.ActiveCfg = Release|x64
		{4CBA6156-B496-43BB-BCF9-5D852D602A5D}.AppStore|iPhone.Build.0 = Release|x64
		{4CBA6156-B496-43BB-BCF9-5D852D602A5D}.AppStore|iPhone.Deploy.0 = Release|x64
		{4CBA6156-B496-43BB-BCF9-5D852D602A5D}.AppStore|iPhoneSimulator.ActiveCfg = Release|x64
		{4CBA6156-B496-43BB-BCF9-5D852D602A5D}.AppStore|iPhoneSimulator.Build.0 = Release|x64
		{4CBA6156-B496-43BB-BCF9-5D852D602A5D}.AppStore|iPhoneSimulator.Deploy.0 = Release|x64
		{4CBA6156-B496-43BB-BCF9-5D852D602A5D}.AppStore|x64.ActiveCfg = Release|x64
		{4CBA6156-B496-43BB-BCF9-5D852D602A5D}.AppStore|x64.Build.0 = Release|x64
		{4CBA6156-B496-43BB-BCF9-5D852D602A5D}.AppStore|x64.Deploy.0 = Release|x64
		{4CBA6156-B496-43BB-BCF9-5D852D602A5D}.AppStore|x86.ActiveCfg = Release|x86
		{4CBA6156-B496-43BB-BCF9-5D852D602A5D}.AppStore|x86.Build.0 = Release|x86
		{4CBA6156-B496-43BB-BCF9-5D852D602A5D}.AppStore|x86.Deploy.0 = Release|x86
		{4CBA6156-B496-43BB-BCF9-5D852D602A5D}.Debug|Any CPU.ActiveCfg = Debug|x86
		{4CBA6156-B496-43BB-BCF9-5D852D602A5D}.Debug|Any CPU.Build.0 = Debug|x86
		{4CBA6156-B496-43BB-BCF9-5D852D602A5D}.Debug|Any CPU.Deploy.0 = Debug|x86
		{4CBA6156-B496-43BB-BCF9-5D852D602A5D}.Debug|ARM.ActiveCfg = Debug|ARM
		{4CBA6156-B496-43BB-BCF9-5D852D602A5D}.Debug|ARM.Build.0 = Debug|ARM
		{4CBA6156-B496-43BB-BCF9-5D852D602A5D}.Debug|ARM.Deploy.0 = Debug|ARM
		{4CBA6156-B496-43BB-BCF9-5D852D602A5D}.Debug|iPhone.ActiveCfg = Debug|x86
		{4CBA6156-B496-43BB-BCF9-5D852D602A5D}.Debug|iPhoneSimulator.ActiveCfg = Debug|x86
		{4CBA6156-B496-43BB-BCF9-5D852D602A5D}.Debug|x64.ActiveCfg = Debug|x64
		{4CBA6156-B496-43BB-BCF9-5D852D602A5D}.Debug|x64.Build.0 = Debug|x64
		{4CBA6156-B496-43BB-BCF9-5D852D602A5D}.Debug|x64.Deploy.0 = Debug|x64
		{4CBA6156-B496-43BB-BCF9-5D852D602A5D}.Debug|x86.ActiveCfg = Debug|x86
		{4CBA6156-B496-43BB-BCF9-5D852D602A5D}.Debug|x86.Build.0 = Debug|x86
		{4CBA6156-B496-43BB-BCF9-5D852D602A5D}.Debug|x86.Deploy.0 = Debug|x86
		{4CBA6156-B496-43BB-BCF9-5D852D602A5D}.Release|Any CPU.ActiveCfg = Release|x86
		{4CBA6156-B496-43BB-BCF9-5D852D602A5D}.Release|ARM.ActiveCfg = Release|ARM
		{4CBA6156-B496-43BB-BCF9-5D852D602A5D}.Release|ARM.Build.0 = Release|ARM
		{4CBA6156-B496-43BB-BCF9-5D852D602A5D}.Release|ARM.Deploy.0 = Release|ARM
		{4CBA6156-B496-43BB-BCF9-5D852D602A5D}.Release|iPhone.ActiveCfg = Release|x86
		{4CBA6156-B496-43BB-BCF9-5D852D602A5D}.Release|iPhoneSimulator.ActiveCfg = Release|x86
		{4CBA6156-B496-43BB-BCF9-5D852D602A5D}.Release|x64.ActiveCfg = Release|x64
		{4CBA6156-B496-43BB-BCF9-5D852D602A5D}.Release|x64.Build.0 = Release|x64
		{4CBA6156-B496-43BB-BCF9-5D852D602A5D}.Release|x64.Deploy.0 = Release|x64
		{4CBA6156-B496-43BB-BCF9-5D852D602A5D}.Release|x86.ActiveCfg = Release|x86
		{4CBA6156-B496-43BB-BCF9-5D852D602A5D}.Release|x86.Build.0 = Release|x86
		{4CBA6156-B496-43BB-BCF9-5D852D602A5D}.Release|x86.Deploy.0 = Release|x86
	EndGlobalSection
	GlobalSection(SolutionProperties) = preSolution
		HideSolutionNode = FALSE
	EndGlobalSection
EndGlobal
